
Microsoft Visual Studio Solution File, Format Version 12.00
# Visual Studio 2013
VisualStudioVersion = 12.0.21005.1
MinimumVisualStudioVersion = 10.0.40219.1
Project("{FAE04EC0-301F-11D3-BF4B-00C04F79EFBC}") = "Reportes", "Reportes\Reportes.csproj", "{BF05E4EC-9F26-4BB3-A9A2-EDAF29C6BC1F}"
EndProject
Project("{FAE04EC0-301F-11D3-BF4B-00C04F79EFBC}") = "DATOS", "DATOS\DATOS.csproj", "{1C6C6E95-5831-4387-BB6D-BDD6B7A29BA1}"
EndProject
Project("{FAE04EC0-301F-11D3-BF4B-00C04F79EFBC}") = "ENTIDADES", "ENTIDADES\ENTIDADES.csproj", "{D3EC1AEF-A357-459C-A088-DC1054AAD0DC}"
EndProject
Global
	GlobalSection(SolutionConfigurationPlatforms) = preSolution
		Debug|Any CPU = Debug|Any CPU
		Release|Any CPU = Release|Any CPU
	EndGlobalSection
	GlobalSection(ProjectConfigurationPlatforms) = postSolution
		{BF05E4EC-9F26-4BB3-A9A2-EDAF29C6BC1F}.Debug|Any CPU.ActiveCfg = Debug|Any CPU
		{BF05E4EC-9F26-4BB3-A9A2-EDAF29C6BC1F}.Debug|Any CPU.Build.0 = Debug|Any CPU
		{BF05E4EC-9F26-4BB3-A9A2-EDAF29C6BC1F}.Release|Any CPU.ActiveCfg = Release|Any CPU
		{BF05E4EC-9F26-4BB3-A9A2-EDAF29C6BC1F}.Release|Any CPU.Build.0 = Release|Any CPU
		{1C6C6E95-5831-4387-BB6D-BDD6B7A29BA1}.Debug|Any CPU.ActiveCfg = Debug|Any CPU
		{1C6C6E95-5831-4387-BB6D-BDD6B7A29BA1}.Debug|Any CPU.Build.0 = Debug|Any CPU
		{1C6C6E95-5831-4387-BB6D-BDD6B7A29BA1}.Release|Any CPU.ActiveCfg = Release|Any CPU
		{1C6C6E95-5831-4387-BB6D-BDD6B7A29BA1}.Release|Any CPU.Build.0 = Release|Any CPU
		{D3EC1AEF-A357-459C-A088-DC1054AAD0DC}.Debug|Any CPU.ActiveCfg = Debug|Any CPU
		{D3EC1AEF-A357-459C-A088-DC1054AAD0DC}.Debug|Any CPU.Build.0 = Debug|Any CPU
		{D3EC1AEF-A357-459C-A088-DC1054AAD0DC}.Release|Any CPU.ActiveCfg = Release|Any CPU
		{D3EC1AEF-A357-459C-A088-DC1054AAD0DC}.Release|Any CPU.Build.0 = Release|Any CPU
	EndGlobalSection
	GlobalSection(SolutionProperties) = preSolution
		HideSolutionNode = FALSE
	EndGlobalSection
EndGlobal
